// !$*UTF8*$!
{
	archiveVersion = 1;
	classes = {
	};
	objectVersion = 46;
	objects = {

/* Begin PBXBuildFile section */
		A835E7221F20E0A200904228 /* AppDelegate.swift in Sources */ = {isa = PBXBuildFile; fileRef = A835E7211F20E0A200904228 /* AppDelegate.swift */; };
		A835E7241F20E0A200904228 /* GameScene.sks in Resources */ = {isa = PBXBuildFile; fileRef = A835E7231F20E0A200904228 /* GameScene.sks */; };
		A835E7261F20E0A200904228 /* Actions.sks in Resources */ = {isa = PBXBuildFile; fileRef = A835E7251F20E0A200904228 /* Actions.sks */; };
		A835E7281F20E0A200904228 /* GameScene.swift in Sources */ = {isa = PBXBuildFile; fileRef = A835E7271F20E0A200904228 /* GameScene.swift */; };
		A835E72A1F20E0A200904228 /* GameViewController.swift in Sources */ = {isa = PBXBuildFile; fileRef = A835E7291F20E0A200904228 /* GameViewController.swift */; };
		A835E72D1F20E0A200904228 /* Main.storyboard in Resources */ = {isa = PBXBuildFile; fileRef = A835E72B1F20E0A200904228 /* Main.storyboard */; };
		A835E72F1F20E0A200904228 /* Assets.xcassets in Resources */ = {isa = PBXBuildFile; fileRef = A835E72E1F20E0A200904228 /* Assets.xcassets */; };
		A835E7321F20E0A200904228 /* LaunchScreen.storyboard in Resources */ = {isa = PBXBuildFile; fileRef = A835E7301F20E0A200904228 /* LaunchScreen.storyboard */; };
		A835E73D1F20E0A200904228 /* Topdown_ShooterTests.swift in Sources */ = {isa = PBXBuildFile; fileRef = A835E73C1F20E0A200904228 /* Topdown_ShooterTests.swift */; };
		A835E7591F20E23100904228 /* kenvector_future_thin.ttf in Resources */ = {isa = PBXBuildFile; fileRef = A835E7571F20E23100904228 /* kenvector_future_thin.ttf */; };
		A835E75A1F20E23100904228 /* kenvector_future.ttf in Resources */ = {isa = PBXBuildFile; fileRef = A835E7581F20E23100904228 /* kenvector_future.ttf */; };
		A838D3D61F2358C600F9947B /* EncounterManager.swift in Sources */ = {isa = PBXBuildFile; fileRef = A838D3D51F2358C600F9947B /* EncounterManager.swift */; };
		A838D3DC1F235AC000F9947B /* GameEntity.swift in Sources */ = {isa = PBXBuildFile; fileRef = A838D3D81F235AC000F9947B /* GameEntity.swift */; };
		A838D3DD1F235AC000F9947B /* Spaceship.swift in Sources */ = {isa = PBXBuildFile; fileRef = A838D3D91F235AC000F9947B /* Spaceship.swift */; };
		A838D3DE1F235AC000F9947B /* Asteroid.swift in Sources */ = {isa = PBXBuildFile; fileRef = A838D3DA1F235AC000F9947B /* Asteroid.swift */; };
		A838D3DF1F235AC000F9947B /* Alien.swift in Sources */ = {isa = PBXBuildFile; fileRef = A838D3DB1F235AC000F9947B /* Alien.swift */; };
		A838D3E11F235AF700F9947B /* HealthBar.swift in Sources */ = {isa = PBXBuildFile; fileRef = A838D3E01F235AF700F9947B /* HealthBar.swift */; };
		A838D3E81F2367E800F9947B /* EntityManager.swift in Sources */ = {isa = PBXBuildFile; fileRef = A838D3E71F2367E800F9947B /* EntityManager.swift */; };
		A838D3EA1F237C4100F9947B /* EncounterSpaceships.sks in Resources */ = {isa = PBXBuildFile; fileRef = A838D3E91F237C4100F9947B /* EncounterSpaceships.sks */; };
		A838D3EC1F23927600F9947B /* Ufo.swift in Sources */ = {isa = PBXBuildFile; fileRef = A838D3EB1F23927600F9947B /* Ufo.swift */; };
		A838D3EE1F2394D500F9947B /* smallHit.wav in Resources */ = {isa = PBXBuildFile; fileRef = A838D3ED1F2394D500F9947B /* smallHit.wav */; };
		A838D3FA1F2394F800F9947B /* attack.wav in Resources */ = {isa = PBXBuildFile; fileRef = A838D3EF1F2394F800F9947B /* attack.wav */; };
		A838D3FB1F2394F800F9947B /* bigHit.wav in Resources */ = {isa = PBXBuildFile; fileRef = A838D3F01F2394F800F9947B /* bigHit.wav */; };
		A838D3FC1F2394F800F9947B /* boom.wav in Resources */ = {isa = PBXBuildFile; fileRef = A838D3F11F2394F800F9947B /* boom.wav */; };
		A838D3FD1F2394F800F9947B /* defend.wav in Resources */ = {isa = PBXBuildFile; fileRef = A838D3F21F2394F800F9947B /* defend.wav */; };
		A838D3FE1F2394F800F9947B /* Latin_Industries.mp3 in Resources */ = {isa = PBXBuildFile; fileRef = A838D3F31F2394F800F9947B /* Latin_Industries.mp3 */; };
		A838D3FF1F2394F800F9947B /* lioncry3.wav in Resources */ = {isa = PBXBuildFile; fileRef = A838D3F41F2394F800F9947B /* lioncry3.wav */; };
		A838D4001F2394F800F9947B /* lionlaugh4.wav in Resources */ = {isa = PBXBuildFile; fileRef = A838D3F51F2394F800F9947B /* lionlaugh4.wav */; };
		A838D4011F2394F800F9947B /* mass.wav in Resources */ = {isa = PBXBuildFile; fileRef = A838D3F61F2394F800F9947B /* mass.wav */; };
		A838D4021F2394F800F9947B /* pew.wav in Resources */ = {isa = PBXBuildFile; fileRef = A838D3F71F2394F800F9947B /* pew.wav */; };
		A838D4031F2394F800F9947B /* pew2.wav in Resources */ = {isa = PBXBuildFile; fileRef = A838D3F81F2394F800F9947B /* pew2.wav */; };
		A838D4041F2394F800F9947B /* spawn.wav in Resources */ = {isa = PBXBuildFile; fileRef = A838D3F91F2394F800F9947B /* spawn.wav */; };
		A838D4061F23A70100F9947B /* Explosions.atlas in Resources */ = {isa = PBXBuildFile; fileRef = A838D4051F23A70100F9947B /* Explosions.atlas */; };
		A8AC5EBA1F234CDD00802340 /* HUD.sks in Resources */ = {isa = PBXBuildFile; fileRef = A8AC5EB91F234CDD00802340 /* HUD.sks */; };
		A8EA55CD1F25378000DD99D0 /* CGFloat+Extensions.swift in Sources */ = {isa = PBXBuildFile; fileRef = A8EA55C11F25378000DD99D0 /* CGFloat+Extensions.swift */; };
		A8EA55CE1F25378000DD99D0 /* CGPoint+Extensions.swift in Sources */ = {isa = PBXBuildFile; fileRef = A8EA55C21F25378000DD99D0 /* CGPoint+Extensions.swift */; };
		A8EA55CF1F25378000DD99D0 /* CGVector+Extensions.swift in Sources */ = {isa = PBXBuildFile; fileRef = A8EA55C31F25378000DD99D0 /* CGVector+Extensions.swift */; };
		A8EA55D01F25378000DD99D0 /* Int+Extensions.swift in Sources */ = {isa = PBXBuildFile; fileRef = A8EA55C41F25378000DD99D0 /* Int+Extensions.swift */; };
		A8EA55D11F25378000DD99D0 /* SKAction+Extensions.swift in Sources */ = {isa = PBXBuildFile; fileRef = A8EA55C51F25378000DD99D0 /* SKAction+Extensions.swift */; };
		A8EA55D21F25378000DD99D0 /* SKAction+SpecialEffects.swift in Sources */ = {isa = PBXBuildFile; fileRef = A8EA55C61F25378000DD99D0 /* SKAction+SpecialEffects.swift */; };
		A8EA55D31F25378100DD99D0 /* SKColor+Extensions.swift in Sources */ = {isa = PBXBuildFile; fileRef = A8EA55C71F25378000DD99D0 /* SKColor+Extensions.swift */; };
		A8EA55D41F25378100DD99D0 /* SKNode+Extensions.swift in Sources */ = {isa = PBXBuildFile; fileRef = A8EA55C81F25378000DD99D0 /* SKNode+Extensions.swift */; };
		A8EA55D51F25378100DD99D0 /* SKTAudio.swift in Sources */ = {isa = PBXBuildFile; fileRef = A8EA55C91F25378000DD99D0 /* SKTAudio.swift */; };
		A8EA55D61F25378100DD99D0 /* SKTEffects.swift in Sources */ = {isa = PBXBuildFile; fileRef = A8EA55CA1F25378000DD99D0 /* SKTEffects.swift */; };
		A8EA55D71F25378100DD99D0 /* SKTTimingFunctions.swift in Sources */ = {isa = PBXBuildFile; fileRef = A8EA55CB1F25378000DD99D0 /* SKTTimingFunctions.swift */; };
		A8EA55D81F25378100DD99D0 /* Vector3.swift in Sources */ = {isa = PBXBuildFile; fileRef = A8EA55CC1F25378000DD99D0 /* Vector3.swift */; };
		A8F7B80D1F2A26E3009D6358 /* 381645__alancat__rockfall1b.wav in Resources */ = {isa = PBXBuildFile; fileRef = A8F7B8071F2A26E3009D6358 /* 381645__alancat__rockfall1b.wav */; };
		A8F7B80E1F2A26E3009D6358 /* 273149__tristan-lohengrin__spaceship-atmosphere-04.wav in Resources */ = {isa = PBXBuildFile; fileRef = A8F7B8081F2A26E3009D6358 /* 273149__tristan-lohengrin__spaceship-atmosphere-04.wav */; };
		A8F7B80F1F2A26E3009D6358 /* 151024__bubaproducer__laser-shot-small-2.wav in Resources */ = {isa = PBXBuildFile; fileRef = A8F7B8091F2A26E3009D6358 /* 151024__bubaproducer__laser-shot-small-2.wav */; };
		A8F7B8101F2A26E3009D6358 /* Fireball+1.mp3 in Resources */ = {isa = PBXBuildFile; fileRef = A8F7B80A1F2A26E3009D6358 /* Fireball+1.mp3 */; };
		A8F7B8111F2A26E3009D6358 /* Explosion+9.mp3 in Resources */ = {isa = PBXBuildFile; fileRef = A8F7B80B1F2A26E3009D6358 /* Explosion+9.mp3 */; };
		A8F7B8121F2A26E3009D6358 /* Sci-Fi+Drone.wav in Resources */ = {isa = PBXBuildFile; fileRef = A8F7B80C1F2A26E3009D6358 /* Sci-Fi+Drone.wav */; };
/* End PBXBuildFile section */

/* Begin PBXContainerItemProxy section */
		A835E7391F20E0A200904228 /* PBXContainerItemProxy */ = {
			isa = PBXContainerItemProxy;
			containerPortal = A835E7161F20E0A200904228 /* Project object */;
			proxyType = 1;
			remoteGlobalIDString = A835E71D1F20E0A200904228;
			remoteInfo = "Topdown Shooter";
		};
/* End PBXContainerItemProxy section */

/* Begin PBXFileReference section */
		A835E71E1F20E0A200904228 /* Topdown Shooter.app */ = {isa = PBXFileReference; explicitFileType = wrapper.application; includeInIndex = 0; path = "Topdown Shooter.app"; sourceTree = BUILT_PRODUCTS_DIR; };
		A835E7211F20E0A200904228 /* AppDelegate.swift */ = {isa = PBXFileReference; lastKnownFileType = sourcecode.swift; path = AppDelegate.swift; sourceTree = "<group>"; };
		A835E7231F20E0A200904228 /* GameScene.sks */ = {isa = PBXFileReference; lastKnownFileType = file.sks; path = GameScene.sks; sourceTree = "<group>"; };
		A835E7251F20E0A200904228 /* Actions.sks */ = {isa = PBXFileReference; lastKnownFileType = file.sks; path = Actions.sks; sourceTree = "<group>"; };
		A835E7271F20E0A200904228 /* GameScene.swift */ = {isa = PBXFileReference; lastKnownFileType = sourcecode.swift; path = GameScene.swift; sourceTree = "<group>"; };
		A835E7291F20E0A200904228 /* GameViewController.swift */ = {isa = PBXFileReference; lastKnownFileType = sourcecode.swift; path = GameViewController.swift; sourceTree = "<group>"; };
		A835E72C1F20E0A200904228 /* Base */ = {isa = PBXFileReference; lastKnownFileType = file.storyboard; name = Base; path = Base.lproj/Main.storyboard; sourceTree = "<group>"; };
		A835E72E1F20E0A200904228 /* Assets.xcassets */ = {isa = PBXFileReference; lastKnownFileType = folder.assetcatalog; path = Assets.xcassets; sourceTree = "<group>"; };
		A835E7311F20E0A200904228 /* Base */ = {isa = PBXFileReference; lastKnownFileType = file.storyboard; name = Base; path = Base.lproj/LaunchScreen.storyboard; sourceTree = "<group>"; };
		A835E7331F20E0A200904228 /* Info.plist */ = {isa = PBXFileReference; lastKnownFileType = text.plist.xml; path = Info.plist; sourceTree = "<group>"; };
		A835E7381F20E0A200904228 /* Topdown ShooterTests.xctest */ = {isa = PBXFileReference; explicitFileType = wrapper.cfbundle; includeInIndex = 0; path = "Topdown ShooterTests.xctest"; sourceTree = BUILT_PRODUCTS_DIR; };
		A835E73C1F20E0A200904228 /* Topdown_ShooterTests.swift */ = {isa = PBXFileReference; lastKnownFileType = sourcecode.swift; path = Topdown_ShooterTests.swift; sourceTree = "<group>"; };
		A835E73E1F20E0A200904228 /* Info.plist */ = {isa = PBXFileReference; lastKnownFileType = text.plist.xml; path = Info.plist; sourceTree = "<group>"; };
		A835E7571F20E23100904228 /* kenvector_future_thin.ttf */ = {isa = PBXFileReference; lastKnownFileType = file; path = kenvector_future_thin.ttf; sourceTree = "<group>"; };
		A835E7581F20E23100904228 /* kenvector_future.ttf */ = {isa = PBXFileReference; lastKnownFileType = file; path = kenvector_future.ttf; sourceTree = "<group>"; };
		A838D3D51F2358C600F9947B /* EncounterManager.swift */ = {isa = PBXFileReference; fileEncoding = 4; lastKnownFileType = sourcecode.swift; name = EncounterManager.swift; path = ../EncounterManager.swift; sourceTree = "<group>"; };
		A838D3D81F235AC000F9947B /* GameEntity.swift */ = {isa = PBXFileReference; fileEncoding = 4; lastKnownFileType = sourcecode.swift; path = GameEntity.swift; sourceTree = "<group>"; };
		A838D3D91F235AC000F9947B /* Spaceship.swift */ = {isa = PBXFileReference; fileEncoding = 4; lastKnownFileType = sourcecode.swift; path = Spaceship.swift; sourceTree = "<group>"; };
		A838D3DA1F235AC000F9947B /* Asteroid.swift */ = {isa = PBXFileReference; fileEncoding = 4; lastKnownFileType = sourcecode.swift; path = Asteroid.swift; sourceTree = "<group>"; };
		A838D3DB1F235AC000F9947B /* Alien.swift */ = {isa = PBXFileReference; fileEncoding = 4; lastKnownFileType = sourcecode.swift; path = Alien.swift; sourceTree = "<group>"; };
		A838D3E01F235AF700F9947B /* HealthBar.swift */ = {isa = PBXFileReference; fileEncoding = 4; lastKnownFileType = sourcecode.swift; path = HealthBar.swift; sourceTree = "<group>"; };
		A838D3E71F2367E800F9947B /* EntityManager.swift */ = {isa = PBXFileReference; fileEncoding = 4; lastKnownFileType = sourcecode.swift; path = EntityManager.swift; sourceTree = "<group>"; };
		A838D3E91F237C4100F9947B /* EncounterSpaceships.sks */ = {isa = PBXFileReference; lastKnownFileType = file.sks; path = EncounterSpaceships.sks; sourceTree = "<group>"; };
		A838D3EB1F23927600F9947B /* Ufo.swift */ = {isa = PBXFileReference; fileEncoding = 4; lastKnownFileType = sourcecode.swift; path = Ufo.swift; sourceTree = "<group>"; };
		A838D3ED1F2394D500F9947B /* smallHit.wav */ = {isa = PBXFileReference; lastKnownFileType = audio.wav; path = smallHit.wav; sourceTree = "<group>"; };
		A838D3EF1F2394F800F9947B /* attack.wav */ = {isa = PBXFileReference; lastKnownFileType = audio.wav; path = attack.wav; sourceTree = "<group>"; };
		A838D3F01F2394F800F9947B /* bigHit.wav */ = {isa = PBXFileReference; lastKnownFileType = audio.wav; path = bigHit.wav; sourceTree = "<group>"; };
		A838D3F11F2394F800F9947B /* boom.wav */ = {isa = PBXFileReference; lastKnownFileType = audio.wav; path = boom.wav; sourceTree = "<group>"; };
		A838D3F21F2394F800F9947B /* defend.wav */ = {isa = PBXFileReference; lastKnownFileType = audio.wav; path = defend.wav; sourceTree = "<group>"; };
		A838D3F31F2394F800F9947B /* Latin_Industries.mp3 */ = {isa = PBXFileReference; lastKnownFileType = audio.mp3; path = Latin_Industries.mp3; sourceTree = "<group>"; };
		A838D3F41F2394F800F9947B /* lioncry3.wav */ = {isa = PBXFileReference; lastKnownFileType = audio.wav; path = lioncry3.wav; sourceTree = "<group>"; };
		A838D3F51F2394F800F9947B /* lionlaugh4.wav */ = {isa = PBXFileReference; lastKnownFileType = audio.wav; path = lionlaugh4.wav; sourceTree = "<group>"; };
		A838D3F61F2394F800F9947B /* mass.wav */ = {isa = PBXFileReference; lastKnownFileType = audio.wav; path = mass.wav; sourceTree = "<group>"; };
		A838D3F71F2394F800F9947B /* pew.wav */ = {isa = PBXFileReference; lastKnownFileType = audio.wav; path = pew.wav; sourceTree = "<group>"; };
		A838D3F81F2394F800F9947B /* pew2.wav */ = {isa = PBXFileReference; lastKnownFileType = audio.wav; path = pew2.wav; sourceTree = "<group>"; };
		A838D3F91F2394F800F9947B /* spawn.wav */ = {isa = PBXFileReference; lastKnownFileType = audio.wav; path = spawn.wav; sourceTree = "<group>"; };
		A838D4051F23A70100F9947B /* Explosions.atlas */ = {isa = PBXFileReference; lastKnownFileType = folder.skatlas; path = Explosions.atlas; sourceTree = "<group>"; };
		A8AC5EB91F234CDD00802340 /* HUD.sks */ = {isa = PBXFileReference; lastKnownFileType = file.sks; path = HUD.sks; sourceTree = "<group>"; };
		A8EA55C11F25378000DD99D0 /* CGFloat+Extensions.swift */ = {isa = PBXFileReference; fileEncoding = 4; lastKnownFileType = sourcecode.swift; path = "CGFloat+Extensions.swift"; sourceTree = "<group>"; };
		A8EA55C21F25378000DD99D0 /* CGPoint+Extensions.swift */ = {isa = PBXFileReference; fileEncoding = 4; lastKnownFileType = sourcecode.swift; path = "CGPoint+Extensions.swift"; sourceTree = "<group>"; };
		A8EA55C31F25378000DD99D0 /* CGVector+Extensions.swift */ = {isa = PBXFileReference; fileEncoding = 4; lastKnownFileType = sourcecode.swift; path = "CGVector+Extensions.swift"; sourceTree = "<group>"; };
		A8EA55C41F25378000DD99D0 /* Int+Extensions.swift */ = {isa = PBXFileReference; fileEncoding = 4; lastKnownFileType = sourcecode.swift; path = "Int+Extensions.swift"; sourceTree = "<group>"; };
		A8EA55C51F25378000DD99D0 /* SKAction+Extensions.swift */ = {isa = PBXFileReference; fileEncoding = 4; lastKnownFileType = sourcecode.swift; path = "SKAction+Extensions.swift"; sourceTree = "<group>"; };
		A8EA55C61F25378000DD99D0 /* SKAction+SpecialEffects.swift */ = {isa = PBXFileReference; fileEncoding = 4; lastKnownFileType = sourcecode.swift; path = "SKAction+SpecialEffects.swift"; sourceTree = "<group>"; };
		A8EA55C71F25378000DD99D0 /* SKColor+Extensions.swift */ = {isa = PBXFileReference; fileEncoding = 4; lastKnownFileType = sourcecode.swift; path = "SKColor+Extensions.swift"; sourceTree = "<group>"; };
		A8EA55C81F25378000DD99D0 /* SKNode+Extensions.swift */ = {isa = PBXFileReference; fileEncoding = 4; lastKnownFileType = sourcecode.swift; path = "SKNode+Extensions.swift"; sourceTree = "<group>"; };
		A8EA55C91F25378000DD99D0 /* SKTAudio.swift */ = {isa = PBXFileReference; fileEncoding = 4; lastKnownFileType = sourcecode.swift; path = SKTAudio.swift; sourceTree = "<group>"; };
		A8EA55CA1F25378000DD99D0 /* SKTEffects.swift */ = {isa = PBXFileReference; fileEncoding = 4; lastKnownFileType = sourcecode.swift; path = SKTEffects.swift; sourceTree = "<group>"; };
		A8EA55CB1F25378000DD99D0 /* SKTTimingFunctions.swift */ = {isa = PBXFileReference; fileEncoding = 4; lastKnownFileType = sourcecode.swift; path = SKTTimingFunctions.swift; sourceTree = "<group>"; };
		A8EA55CC1F25378000DD99D0 /* Vector3.swift */ = {isa = PBXFileReference; fileEncoding = 4; lastKnownFileType = sourcecode.swift; path = Vector3.swift; sourceTree = "<group>"; };
		A8F7B8071F2A26E3009D6358 /* 381645__alancat__rockfall1b.wav */ = {isa = PBXFileReference; lastKnownFileType = audio.wav; path = 381645__alancat__rockfall1b.wav; sourceTree = "<group>"; };
		A8F7B8081F2A26E3009D6358 /* 273149__tristan-lohengrin__spaceship-atmosphere-04.wav */ = {isa = PBXFileReference; lastKnownFileType = audio.wav; path = "273149__tristan-lohengrin__spaceship-atmosphere-04.wav"; sourceTree = "<group>"; };
		A8F7B8091F2A26E3009D6358 /* 151024__bubaproducer__laser-shot-small-2.wav */ = {isa = PBXFileReference; lastKnownFileType = audio.wav; path = "151024__bubaproducer__laser-shot-small-2.wav"; sourceTree = "<group>"; };
		A8F7B80A1F2A26E3009D6358 /* Fireball+1.mp3 */ = {isa = PBXFileReference; lastKnownFileType = audio.mp3; path = "Fireball+1.mp3"; sourceTree = "<group>"; };
		A8F7B80B1F2A26E3009D6358 /* Explosion+9.mp3 */ = {isa = PBXFileReference; lastKnownFileType = audio.mp3; path = "Explosion+9.mp3"; sourceTree = "<group>"; };
		A8F7B80C1F2A26E3009D6358 /* Sci-Fi+Drone.wav */ = {isa = PBXFileReference; lastKnownFileType = audio.wav; path = "Sci-Fi+Drone.wav"; sourceTree = "<group>"; };
/* End PBXFileReference section */

/* Begin PBXFrameworksBuildPhase section */
		A835E71B1F20E0A200904228 /* Frameworks */ = {
			isa = PBXFrameworksBuildPhase;
			buildActionMask = 2147483647;
			files = (
			);
			runOnlyForDeploymentPostprocessing = 0;
		};
		A835E7351F20E0A200904228 /* Frameworks */ = {
			isa = PBXFrameworksBuildPhase;
			buildActionMask = 2147483647;
			files = (
			);
			runOnlyForDeploymentPostprocessing = 0;
		};
/* End PBXFrameworksBuildPhase section */

/* Begin PBXGroup section */
		A835E7151F20E0A200904228 = {
			isa = PBXGroup;
			children = (
				A835E7201F20E0A200904228 /* Topdown Shooter */,
				A835E73B1F20E0A200904228 /* Topdown ShooterTests */,
				A835E71F1F20E0A200904228 /* Products */,
			);
			sourceTree = "<group>";
		};
		A835E71F1F20E0A200904228 /* Products */ = {
			isa = PBXGroup;
			children = (
				A835E71E1F20E0A200904228 /* Topdown Shooter.app */,
				A835E7381F20E0A200904228 /* Topdown ShooterTests.xctest */,
			);
			name = Products;
			sourceTree = "<group>";
		};
		A835E7201F20E0A200904228 /* Topdown Shooter */ = {
			isa = PBXGroup;
			children = (
				A8EA55C01F25378000DD99D0 /* SKTUtils */,
				A838D4051F23A70100F9947B /* Explosions.atlas */,
				A838D3E61F23618C00F9947B /* Game Logic */,
				A838D3E01F235AF700F9947B /* HealthBar.swift */,
				A835E7471F20E10400904228 /* Audio */,
				A838D3D71F235AAC00F9947B /* Entities */,
				A835E7561F20E21A00904228 /* Fonts */,
				A835E7211F20E0A200904228 /* AppDelegate.swift */,
				A835E7231F20E0A200904228 /* GameScene.sks */,
				A835E7291F20E0A200904228 /* GameViewController.swift */,
				A8AC5EB91F234CDD00802340 /* HUD.sks */,
				A835E72B1F20E0A200904228 /* Main.storyboard */,
				A835E72E1F20E0A200904228 /* Assets.xcassets */,
				A835E7301F20E0A200904228 /* LaunchScreen.storyboard */,
				A835E7331F20E0A200904228 /* Info.plist */,
				A838D3E91F237C4100F9947B /* EncounterSpaceships.sks */,
				A838D3EB1F23927600F9947B /* Ufo.swift */,
			);
			path = "Topdown Shooter";
			sourceTree = "<group>";
		};
		A835E73B1F20E0A200904228 /* Topdown ShooterTests */ = {
			isa = PBXGroup;
			children = (
				A835E73C1F20E0A200904228 /* Topdown_ShooterTests.swift */,
				A835E73E1F20E0A200904228 /* Info.plist */,
			);
			path = "Topdown ShooterTests";
			sourceTree = "<group>";
		};
		A835E7471F20E10400904228 /* Audio */ = {
			isa = PBXGroup;
			children = (
				A8F7B8071F2A26E3009D6358 /* 381645__alancat__rockfall1b.wav */,
				A8F7B8081F2A26E3009D6358 /* 273149__tristan-lohengrin__spaceship-atmosphere-04.wav */,
				A8F7B8091F2A26E3009D6358 /* 151024__bubaproducer__laser-shot-small-2.wav */,
				A8F7B80A1F2A26E3009D6358 /* Fireball+1.mp3 */,
				A8F7B80B1F2A26E3009D6358 /* Explosion+9.mp3 */,
				A8F7B80C1F2A26E3009D6358 /* Sci-Fi+Drone.wav */,
				A838D3EF1F2394F800F9947B /* attack.wav */,
				A838D3F01F2394F800F9947B /* bigHit.wav */,
				A838D3F11F2394F800F9947B /* boom.wav */,
				A838D3F21F2394F800F9947B /* defend.wav */,
				A838D3F31F2394F800F9947B /* Latin_Industries.mp3 */,
				A838D3F41F2394F800F9947B /* lioncry3.wav */,
				A838D3F51F2394F800F9947B /* lionlaugh4.wav */,
				A838D3F61F2394F800F9947B /* mass.wav */,
				A838D3F71F2394F800F9947B /* pew.wav */,
				A838D3F81F2394F800F9947B /* pew2.wav */,
				A838D3F91F2394F800F9947B /* spawn.wav */,
				A838D3ED1F2394D500F9947B /* smallHit.wav */,
			);
			name = Audio;
			sourceTree = "<group>";
		};
		A835E7561F20E21A00904228 /* Fonts */ = {
			isa = PBXGroup;
			children = (
				A835E7251F20E0A200904228 /* Actions.sks */,
				A835E7571F20E23100904228 /* kenvector_future_thin.ttf */,
				A835E7581F20E23100904228 /* kenvector_future.ttf */,
			);
			name = Fonts;
			sourceTree = "<group>";
		};
		A838D3D71F235AAC00F9947B /* Entities */ = {
			isa = PBXGroup;
			children = (
				A838D3E71F2367E800F9947B /* EntityManager.swift */,
				A838D3D81F235AC000F9947B /* GameEntity.swift */,
				A838D3D91F235AC000F9947B /* Spaceship.swift */,
				A838D3DA1F235AC000F9947B /* Asteroid.swift */,
				A838D3DB1F235AC000F9947B /* Alien.swift */,
			);
			name = Entities;
			sourceTree = "<group>";
		};
		A838D3E61F23618C00F9947B /* Game Logic */ = {
			isa = PBXGroup;
			children = (
				A838D3D51F2358C600F9947B /* EncounterManager.swift */,
				A835E7271F20E0A200904228 /* GameScene.swift */,
			);
			name = "Game Logic";
			sourceTree = "<group>";
		};
		A8EA55C01F25378000DD99D0 /* SKTUtils */ = {
			isa = PBXGroup;
			children = (
				A8EA55C11F25378000DD99D0 /* CGFloat+Extensions.swift */,
				A8EA55C21F25378000DD99D0 /* CGPoint+Extensions.swift */,
				A8EA55C31F25378000DD99D0 /* CGVector+Extensions.swift */,
				A8EA55C41F25378000DD99D0 /* Int+Extensions.swift */,
				A8EA55C51F25378000DD99D0 /* SKAction+Extensions.swift */,
				A8EA55C61F25378000DD99D0 /* SKAction+SpecialEffects.swift */,
				A8EA55C71F25378000DD99D0 /* SKColor+Extensions.swift */,
				A8EA55C81F25378000DD99D0 /* SKNode+Extensions.swift */,
				A8EA55C91F25378000DD99D0 /* SKTAudio.swift */,
				A8EA55CA1F25378000DD99D0 /* SKTEffects.swift */,
				A8EA55CB1F25378000DD99D0 /* SKTTimingFunctions.swift */,
				A8EA55CC1F25378000DD99D0 /* Vector3.swift */,
			);
			path = SKTUtils;
			sourceTree = "<group>";
		};
/* End PBXGroup section */

/* Begin PBXNativeTarget section */
		A835E71D1F20E0A200904228 /* Topdown Shooter */ = {
			isa = PBXNativeTarget;
			buildConfigurationList = A835E7411F20E0A200904228 /* Build configuration list for PBXNativeTarget "Topdown Shooter" */;
			buildPhases = (
				A835E71A1F20E0A200904228 /* Sources */,
				A835E71B1F20E0A200904228 /* Frameworks */,
				A835E71C1F20E0A200904228 /* Resources */,
			);
			buildRules = (
			);
			dependencies = (
			);
			name = "Topdown Shooter";
			productName = "Topdown Shooter";
			productReference = A835E71E1F20E0A200904228 /* Topdown Shooter.app */;
			productType = "com.apple.product-type.application";
		};
		A835E7371F20E0A200904228 /* Topdown ShooterTests */ = {
			isa = PBXNativeTarget;
			buildConfigurationList = A835E7441F20E0A200904228 /* Build configuration list for PBXNativeTarget "Topdown ShooterTests" */;
			buildPhases = (
				A835E7341F20E0A200904228 /* Sources */,
				A835E7351F20E0A200904228 /* Frameworks */,
				A835E7361F20E0A200904228 /* Resources */,
			);
			buildRules = (
			);
			dependencies = (
				A835E73A1F20E0A200904228 /* PBXTargetDependency */,
			);
			name = "Topdown ShooterTests";
			productName = "Topdown ShooterTests";
			productReference = A835E7381F20E0A200904228 /* Topdown ShooterTests.xctest */;
			productType = "com.apple.product-type.bundle.unit-test";
		};
/* End PBXNativeTarget section */

/* Begin PBXProject section */
		A835E7161F20E0A200904228 /* Project object */ = {
			isa = PBXProject;
			attributes = {
				LastSwiftUpdateCheck = 0820;
				LastUpgradeCheck = 0820;
				ORGANIZATIONNAME = "Jason Fry";
				TargetAttributes = {
					A835E71D1F20E0A200904228 = {
						CreatedOnToolsVersion = 8.2.1;
						ProvisioningStyle = Automatic;
					};
					A835E7371F20E0A200904228 = {
						CreatedOnToolsVersion = 8.2.1;
						ProvisioningStyle = Automatic;
						TestTargetID = A835E71D1F20E0A200904228;
					};
				};
			};
			buildConfigurationList = A835E7191F20E0A200904228 /* Build configuration list for PBXProject "Topdown Shooter" */;
			compatibilityVersion = "Xcode 3.2";
			developmentRegion = English;
			hasScannedForEncodings = 0;
			knownRegions = (
				en,
				Base,
			);
			mainGroup = A835E7151F20E0A200904228;
			productRefGroup = A835E71F1F20E0A200904228 /* Products */;
			projectDirPath = "";
			projectRoot = "";
			targets = (
				A835E71D1F20E0A200904228 /* Topdown Shooter */,
				A835E7371F20E0A200904228 /* Topdown ShooterTests */,
			);
		};
/* End PBXProject section */

/* Begin PBXResourcesBuildPhase section */
		A835E71C1F20E0A200904228 /* Resources */ = {
			isa = PBXResourcesBuildPhase;
			buildActionMask = 2147483647;
			files = (
				A838D4021F2394F800F9947B /* pew.wav in Resources */,
				A838D4001F2394F800F9947B /* lionlaugh4.wav in Resources */,
				A835E72D1F20E0A200904228 /* Main.storyboard in Resources */,
				A835E7591F20E23100904228 /* kenvector_future_thin.ttf in Resources */,
				A8F7B80D1F2A26E3009D6358 /* 381645__alancat__rockfall1b.wav in Resources */,
				A8F7B8121F2A26E3009D6358 /* Sci-Fi+Drone.wav in Resources */,
				A838D3FC1F2394F800F9947B /* boom.wav in Resources */,
				A835E7241F20E0A200904228 /* GameScene.sks in Resources */,
				A838D3FA1F2394F800F9947B /* attack.wav in Resources */,
				A838D4011F2394F800F9947B /* mass.wav in Resources */,
				A8F7B80E1F2A26E3009D6358 /* 273149__tristan-lohengrin__spaceship-atmosphere-04.wav in Resources */,
				A838D3EE1F2394D500F9947B /* smallHit.wav in Resources */,
				A835E72F1F20E0A200904228 /* Assets.xcassets in Resources */,
				A838D3FB1F2394F800F9947B /* bigHit.wav in Resources */,
				A838D4041F2394F800F9947B /* spawn.wav in Resources */,
				A835E7321F20E0A200904228 /* LaunchScreen.storyboard in Resources */,
				A8F7B80F1F2A26E3009D6358 /* 151024__bubaproducer__laser-shot-small-2.wav in Resources */,
				A838D3EA1F237C4100F9947B /* EncounterSpaceships.sks in Resources */,
				A838D3FD1F2394F800F9947B /* defend.wav in Resources */,
				A8AC5EBA1F234CDD00802340 /* HUD.sks in Resources */,
				A8F7B8101F2A26E3009D6358 /* Fireball+1.mp3 in Resources */,
				A838D3FE1F2394F800F9947B /* Latin_Industries.mp3 in Resources */,
				A838D4061F23A70100F9947B /* Explosions.atlas in Resources */,
				A838D3FF1F2394F800F9947B /* lioncry3.wav in Resources */,
				A8F7B8111F2A26E3009D6358 /* Explosion+9.mp3 in Resources */,
				A838D4031F2394F800F9947B /* pew2.wav in Resources */,
				A835E7261F20E0A200904228 /* Actions.sks in Resources */,
				A835E75A1F20E23100904228 /* kenvector_future.ttf in Resources */,
			);
			runOnlyForDeploymentPostprocessing = 0;
		};
		A835E7361F20E0A200904228 /* Resources */ = {
			isa = PBXResourcesBuildPhase;
			buildActionMask = 2147483647;
			files = (
			);
			runOnlyForDeploymentPostprocessing = 0;
		};
/* End PBXResourcesBuildPhase section */

/* Begin PBXSourcesBuildPhase section */
		A835E71A1F20E0A200904228 /* Sources */ = {
			isa = PBXSourcesBuildPhase;
			buildActionMask = 2147483647;
			files = (
				A838D3E81F2367E800F9947B /* EntityManager.swift in Sources */,
				A8EA55D51F25378100DD99D0 /* SKTAudio.swift in Sources */,
				A8EA55D71F25378100DD99D0 /* SKTTimingFunctions.swift in Sources */,
				A838D3DD1F235AC000F9947B /* Spaceship.swift in Sources */,
				A838D3E11F235AF700F9947B /* HealthBar.swift in Sources */,
				A835E7281F20E0A200904228 /* GameScene.swift in Sources */,
				A8EA55CE1F25378000DD99D0 /* CGPoint+Extensions.swift in Sources */,
				A8EA55D21F25378000DD99D0 /* SKAction+SpecialEffects.swift in Sources */,
				A8EA55D61F25378100DD99D0 /* SKTEffects.swift in Sources */,
				A835E72A1F20E0A200904228 /* GameViewController.swift in Sources */,
				A838D3DE1F235AC000F9947B /* Asteroid.swift in Sources */,
				A835E7221F20E0A200904228 /* AppDelegate.swift in Sources */,
				A8EA55CF1F25378000DD99D0 /* CGVector+Extensions.swift in Sources */,
				A8EA55D01F25378000DD99D0 /* Int+Extensions.swift in Sources */,
				A838D3D61F2358C600F9947B /* EncounterManager.swift in Sources */,
				A8EA55D11F25378000DD99D0 /* SKAction+Extensions.swift in Sources */,
				A8EA55D41F25378100DD99D0 /* SKNode+Extensions.swift in Sources */,
				A8EA55D31F25378100DD99D0 /* SKColor+Extensions.swift in Sources */,
				A838D3DC1F235AC000F9947B /* GameEntity.swift in Sources */,
				A838D3DF1F235AC000F9947B /* Alien.swift in Sources */,
				A8EA55CD1F25378000DD99D0 /* CGFloat+Extensions.swift in Sources */,
				A8EA55D81F25378100DD99D0 /* Vector3.swift in Sources */,
				A838D3EC1F23927600F9947B /* Ufo.swift in Sources */,
			);
			runOnlyForDeploymentPostprocessing = 0;
		};
		A835E7341F20E0A200904228 /* Sources */ = {
			isa = PBXSourcesBuildPhase;
			buildActionMask = 2147483647;
			files = (
				A835E73D1F20E0A200904228 /* Topdown_ShooterTests.swift in Sources */,
			);
			runOnlyForDeploymentPostprocessing = 0;
		};
/* End PBXSourcesBuildPhase section */

/* Begin PBXTargetDependency section */
		A835E73A1F20E0A200904228 /* PBXTargetDependency */ = {
			isa = PBXTargetDependency;
			target = A835E71D1F20E0A200904228 /* Topdown Shooter */;
			targetProxy = A835E7391F20E0A200904228 /* PBXContainerItemProxy */;
		};
/* End PBXTargetDependency section */

/* Begin PBXVariantGroup section */
		A835E72B1F20E0A200904228 /* Main.storyboard */ = {
			isa = PBXVariantGroup;
			children = (
				A835E72C1F20E0A200904228 /* Base */,
			);
			name = Main.storyboard;
			sourceTree = "<group>";
		};
		A835E7301F20E0A200904228 /* LaunchScreen.storyboard */ = {
			isa = PBXVariantGroup;
			children = (
				A835E7311F20E0A200904228 /* Base */,
			);
			name = LaunchScreen.storyboard;
			sourceTree = "<group>";
		};
/* End PBXVariantGroup section */

/* Begin XCBuildConfiguration section */
		A835E73F1F20E0A200904228 /* Debug */ = {
			isa = XCBuildConfiguration;
			buildSettings = {
				ALWAYS_SEARCH_USER_PATHS = NO;
				CLANG_ANALYZER_NONNULL = YES;
				CLANG_CXX_LANGUAGE_STANDARD = "gnu++0x";
				CLANG_CXX_LIBRARY = "libc++";
				CLANG_ENABLE_MODULES = YES;
				CLANG_ENABLE_OBJC_ARC = YES;
				CLANG_WARN_BOOL_CONVERSION = YES;
				CLANG_WARN_CONSTANT_CONVERSION = YES;
				CLANG_WARN_DIRECT_OBJC_ISA_USAGE = YES_ERROR;
				CLANG_WARN_DOCUMENTATION_COMMENTS = YES;
				CLANG_WARN_EMPTY_BODY = YES;
				CLANG_WARN_ENUM_CONVERSION = YES;
				CLANG_WARN_INFINITE_RECURSION = YES;
				CLANG_WARN_INT_CONVERSION = YES;
				CLANG_WARN_OBJC_ROOT_CLASS = YES_ERROR;
				CLANG_WARN_SUSPICIOUS_MOVE = YES;
				CLANG_WARN_UNREACHABLE_CODE = YES;
				CLANG_WARN__DUPLICATE_METHOD_MATCH = YES;
				"CODE_SIGN_IDENTITY[sdk=iphoneos*]" = "iPhone Developer";
				COPY_PHASE_STRIP = NO;
				DEBUG_INFORMATION_FORMAT = dwarf;
				ENABLE_STRICT_OBJC_MSGSEND = YES;
				ENABLE_TESTABILITY = YES;
				GCC_C_LANGUAGE_STANDARD = gnu99;
				GCC_DYNAMIC_NO_PIC = NO;
				GCC_NO_COMMON_BLOCKS = YES;
				GCC_OPTIMIZATION_LEVEL = 0;
				GCC_PREPROCESSOR_DEFINITIONS = (
					"DEBUG=1",
					"$(inherited)",
				);
				GCC_WARN_64_TO_32_BIT_CONVERSION = YES;
				GCC_WARN_ABOUT_RETURN_TYPE = YES_ERROR;
				GCC_WARN_UNDECLARED_SELECTOR = YES;
				GCC_WARN_UNINITIALIZED_AUTOS = YES_AGGRESSIVE;
				GCC_WARN_UNUSED_FUNCTION = YES;
				GCC_WARN_UNUSED_VARIABLE = YES;
				IPHONEOS_DEPLOYMENT_TARGET = 10.2;
				MTL_ENABLE_DEBUG_INFO = YES;
				ONLY_ACTIVE_ARCH = YES;
				SDKROOT = iphoneos;
				SWIFT_ACTIVE_COMPILATION_CONDITIONS = DEBUG;
				SWIFT_OPTIMIZATION_LEVEL = "-Onone";
				TARGETED_DEVICE_FAMILY = "1,2";
			};
			name = Debug;
		};
		A835E7401F20E0A200904228 /* Release */ = {
			isa = XCBuildConfiguration;
			buildSettings = {
				ALWAYS_SEARCH_USER_PATHS = NO;
				CLANG_ANALYZER_NONNULL = YES;
				CLANG_CXX_LANGUAGE_STANDARD = "gnu++0x";
				CLANG_CXX_LIBRARY = "libc++";
				CLANG_ENABLE_MODULES = YES;
				CLANG_ENABLE_OBJC_ARC = YES;
				CLANG_WARN_BOOL_CONVERSION = YES;
				CLANG_WARN_CONSTANT_CONVERSION = YES;
				CLANG_WARN_DIRECT_OBJC_ISA_USAGE = YES_ERROR;
				CLANG_WARN_DOCUMENTATION_COMMENTS = YES;
				CLANG_WARN_EMPTY_BODY = YES;
				CLANG_WARN_ENUM_CONVERSION = YES;
				CLANG_WARN_INFINITE_RECURSION = YES;
				CLANG_WARN_INT_CONVERSION = YES;
				CLANG_WARN_OBJC_ROOT_CLASS = YES_ERROR;
				CLANG_WARN_SUSPICIOUS_MOVE = YES;
				CLANG_WARN_UNREACHABLE_CODE = YES;
				CLANG_WARN__DUPLICATE_METHOD_MATCH = YES;
				"CODE_SIGN_IDENTITY[sdk=iphoneos*]" = "iPhone Developer";
				COPY_PHASE_STRIP = NO;
				DEBUG_INFORMATION_FORMAT = "dwarf-with-dsym";
				ENABLE_NS_ASSERTIONS = NO;
				ENABLE_STRICT_OBJC_MSGSEND = YES;
				GCC_C_LANGUAGE_STANDARD = gnu99;
				GCC_NO_COMMON_BLOCKS = YES;
				GCC_WARN_64_TO_32_BIT_CONVERSION = YES;
				GCC_WARN_ABOUT_RETURN_TYPE = YES_ERROR;
				GCC_WARN_UNDECLARED_SELECTOR = YES;
				GCC_WARN_UNINITIALIZED_AUTOS = YES_AGGRESSIVE;
				GCC_WARN_UNUSED_FUNCTION = YES;
				GCC_WARN_UNUSED_VARIABLE = YES;
				IPHONEOS_DEPLOYMENT_TARGET = 10.2;
				MTL_ENABLE_DEBUG_INFO = NO;
				SDKROOT = iphoneos;
				SWIFT_OPTIMIZATION_LEVEL = "-Owholemodule";
				TARGETED_DEVICE_FAMILY = "1,2";
				VALIDATE_PRODUCT = YES;
			};
			name = Release;
		};
		A835E7421F20E0A200904228 /* Debug */ = {
			isa = XCBuildConfiguration;
			buildSettings = {
				ASSETCATALOG_COMPILER_APPICON_NAME = AppIcon;
				INFOPLIST_FILE = "Topdown Shooter/Info.plist";
				IPHONEOS_DEPLOYMENT_TARGET = 10.2;
				LD_RUNPATH_SEARCH_PATHS = "$(inherited) @executable_path/Frameworks";
				PRODUCT_BUNDLE_IDENTIFIER = "funkytomato.Topdown-Shooter";
				PRODUCT_NAME = "$(TARGET_NAME)";
				SWIFT_VERSION = 3.0;
			};
			name = Debug;
		};
		A835E7431F20E0A200904228 /* Release */ = {
			isa = XCBuildConfiguration;
			buildSettings = {
				ASSETCATALOG_COMPILER_APPICON_NAME = AppIcon;
				INFOPLIST_FILE = "Topdown Shooter/Info.plist";
				IPHONEOS_DEPLOYMENT_TARGET = 10.2;
				LD_RUNPATH_SEARCH_PATHS = "$(inherited) @executable_path/Frameworks";
				PRODUCT_BUNDLE_IDENTIFIER = "funkytomato.Topdown-Shooter";
				PRODUCT_NAME = "$(TARGET_NAME)";
				SWIFT_VERSION = 3.0;
			};
			name = Release;
		};
		A835E7451F20E0A200904228 /* Debug */ = {
			isa = XCBuildConfiguration;
			buildSettings = {
				ALWAYS_EMBED_SWIFT_STANDARD_LIBRARIES = YES;
				BUNDLE_LOADER = "$(TEST_HOST)";
				INFOPLIST_FILE = "Topdown ShooterTests/Info.plist";
				LD_RUNPATH_SEARCH_PATHS = "$(inherited) @executable_path/Frameworks @loader_path/Frameworks";
				PRODUCT_BUNDLE_IDENTIFIER = "funkytomato.Topdown-ShooterTests";
				PRODUCT_NAME = "$(TARGET_NAME)";
				SWIFT_VERSION = 3.0;
				TEST_HOST = "$(BUILT_PRODUCTS_DIR)/Topdown Shooter.app/Topdown Shooter";
			};
			name = Debug;
		};
		A835E7461F20E0A200904228 /* Release */ = {
			isa = XCBuildConfiguration;
			buildSettings = {
				ALWAYS_EMBED_SWIFT_STANDARD_LIBRARIES = YES;
				BUNDLE_LOADER = "$(TEST_HOST)";
				INFOPLIST_FILE = "Topdown ShooterTests/Info.plist";
				LD_RUNPATH_SEARCH_PATHS = "$(inherited) @executable_path/Frameworks @loader_path/Frameworks";
				PRODUCT_BUNDLE_IDENTIFIER = "funkytomato.Topdown-ShooterTests";
				PRODUCT_NAME = "$(TARGET_NAME)";
				SWIFT_VERSION = 3.0;
				TEST_HOST = "$(BUILT_PRODUCTS_DIR)/Topdown Shooter.app/Topdown Shooter";
			};
			name = Release;
		};
/* End XCBuildConfiguration section */

/* Begin XCConfigurationList section */
		A835E7191F20E0A200904228 /* Build configuration list for PBXProject "Topdown Shooter" */ = {
			isa = XCConfigurationList;
			buildConfigurations = (
				A835E73F1F20E0A200904228 /* Debug */,
				A835E7401F20E0A200904228 /* Release */,
			);
			defaultConfigurationIsVisible = 0;
			defaultConfigurationName = Release;
		};
		A835E7411F20E0A200904228 /* Build configuration list for PBXNativeTarget "Topdown Shooter" */ = {
			isa = XCConfigurationList;
			buildConfigurations = (
				A835E7421F20E0A200904228 /* Debug */,
				A835E7431F20E0A200904228 /* Release */,
			);
			defaultConfigurationIsVisible = 0;
			defaultConfigurationName = Release;
		};
		A835E7441F20E0A200904228 /* Build configuration list for PBXNativeTarget "Topdown ShooterTests" */ = {
			isa = XCConfigurationList;
			buildConfigurations = (
				A835E7451F20E0A200904228 /* Debug */,
				A835E7461F20E0A200904228 /* Release */,
			);
			defaultConfigurationIsVisible = 0;
			defaultConfigurationName = Release;
		};
/* End XCConfigurationList section */
	};
	rootObject = A835E7161F20E0A200904228 /* Project object */;
}
