// !$*UTF8*$!
{
	archiveVersion = 1;
	classes = {
	};
	objectVersion = 46;
	objects = {

/* Begin PBXBuildFile section */
		A835E7221F20E0A200904228 /* AppDelegate.swift in Sources */ = {isa = PBXBuildFile; fileRef = A835E7211F20E0A200904228 /* AppDelegate.swift */; };
		A835E7241F20E0A200904228 /* GameScene.sks in Resources */ = {isa = PBXBuildFile; fileRef = A835E7231F20E0A200904228 /* GameScene.sks */; };
		A835E7261F20E0A200904228 /* Actions.sks in Resources */ = {isa = PBXBuildFile; fileRef = A835E7251F20E0A200904228 /* Actions.sks */; };
		A835E7281F20E0A200904228 /* GameScene.swift in Sources */ = {isa = PBXBuildFile; fileRef = A835E7271F20E0A200904228 /* GameScene.swift */; };
		A835E72A1F20E0A200904228 /* GameViewController.swift in Sources */ = {isa = PBXBuildFile; fileRef = A835E7291F20E0A200904228 /* GameViewController.swift */; };
		A835E72D1F20E0A200904228 /* Main.storyboard in Resources */ = {isa = PBXBuildFile; fileRef = A835E72B1F20E0A200904228 /* Main.storyboard */; };
		A835E72F1F20E0A200904228 /* Assets.xcassets in Resources */ = {isa = PBXBuildFile; fileRef = A835E72E1F20E0A200904228 /* Assets.xcassets */; };
		A835E7321F20E0A200904228 /* LaunchScreen.storyboard in Resources */ = {isa = PBXBuildFile; fileRef = A835E7301F20E0A200904228 /* LaunchScreen.storyboard */; };
		A835E73D1F20E0A200904228 /* Topdown_ShooterTests.swift in Sources */ = {isa = PBXBuildFile; fileRef = A835E73C1F20E0A200904228 /* Topdown_ShooterTests.swift */; };
		A835E74F1F20E1FB00904228 /* sfx_laser1.ogg in Resources */ = {isa = PBXBuildFile; fileRef = A835E7481F20E1FB00904228 /* sfx_laser1.ogg */; };
		A835E7501F20E1FB00904228 /* sfx_laser2.ogg in Resources */ = {isa = PBXBuildFile; fileRef = A835E7491F20E1FB00904228 /* sfx_laser2.ogg */; };
		A835E7511F20E1FB00904228 /* sfx_lose.ogg in Resources */ = {isa = PBXBuildFile; fileRef = A835E74A1F20E1FB00904228 /* sfx_lose.ogg */; };
		A835E7521F20E1FB00904228 /* sfx_shieldDown.ogg in Resources */ = {isa = PBXBuildFile; fileRef = A835E74B1F20E1FB00904228 /* sfx_shieldDown.ogg */; };
		A835E7531F20E1FB00904228 /* sfx_shieldUp.ogg in Resources */ = {isa = PBXBuildFile; fileRef = A835E74C1F20E1FB00904228 /* sfx_shieldUp.ogg */; };
		A835E7541F20E1FB00904228 /* sfx_twoTone.ogg in Resources */ = {isa = PBXBuildFile; fileRef = A835E74D1F20E1FB00904228 /* sfx_twoTone.ogg */; };
		A835E7551F20E1FB00904228 /* sfx_zap.ogg in Resources */ = {isa = PBXBuildFile; fileRef = A835E74E1F20E1FB00904228 /* sfx_zap.ogg */; };
		A835E7591F20E23100904228 /* kenvector_future_thin.ttf in Resources */ = {isa = PBXBuildFile; fileRef = A835E7571F20E23100904228 /* kenvector_future_thin.ttf */; };
		A835E75A1F20E23100904228 /* kenvector_future.ttf in Resources */ = {isa = PBXBuildFile; fileRef = A835E7581F20E23100904228 /* kenvector_future.ttf */; };
		A838D3D61F2358C600F9947B /* EncounterManager.swift in Sources */ = {isa = PBXBuildFile; fileRef = A838D3D51F2358C600F9947B /* EncounterManager.swift */; };
		A838D3DC1F235AC000F9947B /* GameEntity.swift in Sources */ = {isa = PBXBuildFile; fileRef = A838D3D81F235AC000F9947B /* GameEntity.swift */; };
		A838D3DD1F235AC000F9947B /* Spaceship.swift in Sources */ = {isa = PBXBuildFile; fileRef = A838D3D91F235AC000F9947B /* Spaceship.swift */; };
		A838D3DE1F235AC000F9947B /* Asteroid.swift in Sources */ = {isa = PBXBuildFile; fileRef = A838D3DA1F235AC000F9947B /* Asteroid.swift */; };
		A838D3DF1F235AC000F9947B /* Alien.swift in Sources */ = {isa = PBXBuildFile; fileRef = A838D3DB1F235AC000F9947B /* Alien.swift */; };
		A838D3E11F235AF700F9947B /* HealthBar.swift in Sources */ = {isa = PBXBuildFile; fileRef = A838D3E01F235AF700F9947B /* HealthBar.swift */; };
		A838D3E51F23617800F9947B /* GameElements.swift in Sources */ = {isa = PBXBuildFile; fileRef = A838D3E41F23617700F9947B /* GameElements.swift */; };
		A838D3E81F2367E800F9947B /* EntityManager.swift in Sources */ = {isa = PBXBuildFile; fileRef = A838D3E71F2367E800F9947B /* EntityManager.swift */; };
		A838D3EA1F237C4100F9947B /* EncounterSpaceships.sks in Resources */ = {isa = PBXBuildFile; fileRef = A838D3E91F237C4100F9947B /* EncounterSpaceships.sks */; };
		A8AC5EBA1F234CDD00802340 /* HUD.sks in Resources */ = {isa = PBXBuildFile; fileRef = A8AC5EB91F234CDD00802340 /* HUD.sks */; };
/* End PBXBuildFile section */

/* Begin PBXContainerItemProxy section */
		A835E7391F20E0A200904228 /* PBXContainerItemProxy */ = {
			isa = PBXContainerItemProxy;
			containerPortal = A835E7161F20E0A200904228 /* Project object */;
			proxyType = 1;
			remoteGlobalIDString = A835E71D1F20E0A200904228;
			remoteInfo = "Topdown Shooter";
		};
/* End PBXContainerItemProxy section */

/* Begin PBXFileReference section */
		A835E71E1F20E0A200904228 /* Topdown Shooter.app */ = {isa = PBXFileReference; explicitFileType = wrapper.application; includeInIndex = 0; path = "Topdown Shooter.app"; sourceTree = BUILT_PRODUCTS_DIR; };
		A835E7211F20E0A200904228 /* AppDelegate.swift */ = {isa = PBXFileReference; lastKnownFileType = sourcecode.swift; path = AppDelegate.swift; sourceTree = "<group>"; };
		A835E7231F20E0A200904228 /* GameScene.sks */ = {isa = PBXFileReference; lastKnownFileType = file.sks; path = GameScene.sks; sourceTree = "<group>"; };
		A835E7251F20E0A200904228 /* Actions.sks */ = {isa = PBXFileReference; lastKnownFileType = file.sks; path = Actions.sks; sourceTree = "<group>"; };
		A835E7271F20E0A200904228 /* GameScene.swift */ = {isa = PBXFileReference; lastKnownFileType = sourcecode.swift; path = GameScene.swift; sourceTree = "<group>"; };
		A835E7291F20E0A200904228 /* GameViewController.swift */ = {isa = PBXFileReference; lastKnownFileType = sourcecode.swift; path = GameViewController.swift; sourceTree = "<group>"; };
		A835E72C1F20E0A200904228 /* Base */ = {isa = PBXFileReference; lastKnownFileType = file.storyboard; name = Base; path = Base.lproj/Main.storyboard; sourceTree = "<group>"; };
		A835E72E1F20E0A200904228 /* Assets.xcassets */ = {isa = PBXFileReference; lastKnownFileType = folder.assetcatalog; path = Assets.xcassets; sourceTree = "<group>"; };
		A835E7311F20E0A200904228 /* Base */ = {isa = PBXFileReference; lastKnownFileType = file.storyboard; name = Base; path = Base.lproj/LaunchScreen.storyboard; sourceTree = "<group>"; };
		A835E7331F20E0A200904228 /* Info.plist */ = {isa = PBXFileReference; lastKnownFileType = text.plist.xml; path = Info.plist; sourceTree = "<group>"; };
		A835E7381F20E0A200904228 /* Topdown ShooterTests.xctest */ = {isa = PBXFileReference; explicitFileType = wrapper.cfbundle; includeInIndex = 0; path = "Topdown ShooterTests.xctest"; sourceTree = BUILT_PRODUCTS_DIR; };
		A835E73C1F20E0A200904228 /* Topdown_ShooterTests.swift */ = {isa = PBXFileReference; lastKnownFileType = sourcecode.swift; path = Topdown_ShooterTests.swift; sourceTree = "<group>"; };
		A835E73E1F20E0A200904228 /* Info.plist */ = {isa = PBXFileReference; lastKnownFileType = text.plist.xml; path = Info.plist; sourceTree = "<group>"; };
		A835E7481F20E1FB00904228 /* sfx_laser1.ogg */ = {isa = PBXFileReference; lastKnownFileType = file; path = sfx_laser1.ogg; sourceTree = "<group>"; };
		A835E7491F20E1FB00904228 /* sfx_laser2.ogg */ = {isa = PBXFileReference; lastKnownFileType = file; path = sfx_laser2.ogg; sourceTree = "<group>"; };
		A835E74A1F20E1FB00904228 /* sfx_lose.ogg */ = {isa = PBXFileReference; lastKnownFileType = file; path = sfx_lose.ogg; sourceTree = "<group>"; };
		A835E74B1F20E1FB00904228 /* sfx_shieldDown.ogg */ = {isa = PBXFileReference; lastKnownFileType = file; path = sfx_shieldDown.ogg; sourceTree = "<group>"; };
		A835E74C1F20E1FB00904228 /* sfx_shieldUp.ogg */ = {isa = PBXFileReference; lastKnownFileType = file; path = sfx_shieldUp.ogg; sourceTree = "<group>"; };
		A835E74D1F20E1FB00904228 /* sfx_twoTone.ogg */ = {isa = PBXFileReference; lastKnownFileType = file; path = sfx_twoTone.ogg; sourceTree = "<group>"; };
		A835E74E1F20E1FB00904228 /* sfx_zap.ogg */ = {isa = PBXFileReference; lastKnownFileType = file; path = sfx_zap.ogg; sourceTree = "<group>"; };
		A835E7571F20E23100904228 /* kenvector_future_thin.ttf */ = {isa = PBXFileReference; lastKnownFileType = file; path = kenvector_future_thin.ttf; sourceTree = "<group>"; };
		A835E7581F20E23100904228 /* kenvector_future.ttf */ = {isa = PBXFileReference; lastKnownFileType = file; path = kenvector_future.ttf; sourceTree = "<group>"; };
		A838D3D51F2358C600F9947B /* EncounterManager.swift */ = {isa = PBXFileReference; fileEncoding = 4; lastKnownFileType = sourcecode.swift; name = EncounterManager.swift; path = ../EncounterManager.swift; sourceTree = "<group>"; };
		A838D3D81F235AC000F9947B /* GameEntity.swift */ = {isa = PBXFileReference; fileEncoding = 4; lastKnownFileType = sourcecode.swift; path = GameEntity.swift; sourceTree = "<group>"; };
		A838D3D91F235AC000F9947B /* Spaceship.swift */ = {isa = PBXFileReference; fileEncoding = 4; lastKnownFileType = sourcecode.swift; path = Spaceship.swift; sourceTree = "<group>"; };
		A838D3DA1F235AC000F9947B /* Asteroid.swift */ = {isa = PBXFileReference; fileEncoding = 4; lastKnownFileType = sourcecode.swift; path = Asteroid.swift; sourceTree = "<group>"; };
		A838D3DB1F235AC000F9947B /* Alien.swift */ = {isa = PBXFileReference; fileEncoding = 4; lastKnownFileType = sourcecode.swift; path = Alien.swift; sourceTree = "<group>"; };
		A838D3E01F235AF700F9947B /* HealthBar.swift */ = {isa = PBXFileReference; fileEncoding = 4; lastKnownFileType = sourcecode.swift; path = HealthBar.swift; sourceTree = "<group>"; };
		A838D3E41F23617700F9947B /* GameElements.swift */ = {isa = PBXFileReference; fileEncoding = 4; lastKnownFileType = sourcecode.swift; path = GameElements.swift; sourceTree = "<group>"; };
		A838D3E71F2367E800F9947B /* EntityManager.swift */ = {isa = PBXFileReference; fileEncoding = 4; lastKnownFileType = sourcecode.swift; path = EntityManager.swift; sourceTree = "<group>"; };
		A838D3E91F237C4100F9947B /* EncounterSpaceships.sks */ = {isa = PBXFileReference; lastKnownFileType = file.sks; path = EncounterSpaceships.sks; sourceTree = "<group>"; };
		A8AC5EB91F234CDD00802340 /* HUD.sks */ = {isa = PBXFileReference; lastKnownFileType = file.sks; path = HUD.sks; sourceTree = "<group>"; };
/* End PBXFileReference section */

/* Begin PBXFrameworksBuildPhase section */
		A835E71B1F20E0A200904228 /* Frameworks */ = {
			isa = PBXFrameworksBuildPhase;
			buildActionMask = 2147483647;
			files = (
			);
			runOnlyForDeploymentPostprocessing = 0;
		};
		A835E7351F20E0A200904228 /* Frameworks */ = {
			isa = PBXFrameworksBuildPhase;
			buildActionMask = 2147483647;
			files = (
			);
			runOnlyForDeploymentPostprocessing = 0;
		};
/* End PBXFrameworksBuildPhase section */

/* Begin PBXGroup section */
		A835E7151F20E0A200904228 = {
			isa = PBXGroup;
			children = (
				A835E7201F20E0A200904228 /* Topdown Shooter */,
				A835E73B1F20E0A200904228 /* Topdown ShooterTests */,
				A835E71F1F20E0A200904228 /* Products */,
			);
			sourceTree = "<group>";
		};
		A835E71F1F20E0A200904228 /* Products */ = {
			isa = PBXGroup;
			children = (
				A835E71E1F20E0A200904228 /* Topdown Shooter.app */,
				A835E7381F20E0A200904228 /* Topdown ShooterTests.xctest */,
			);
			name = Products;
			sourceTree = "<group>";
		};
		A835E7201F20E0A200904228 /* Topdown Shooter */ = {
			isa = PBXGroup;
			children = (
				A838D3E61F23618C00F9947B /* Game Logic */,
				A838D3E01F235AF700F9947B /* HealthBar.swift */,
				A835E7471F20E10400904228 /* Audio */,
				A838D3D71F235AAC00F9947B /* Entities */,
				A835E7561F20E21A00904228 /* Fonts */,
				A835E7211F20E0A200904228 /* AppDelegate.swift */,
				A835E7231F20E0A200904228 /* GameScene.sks */,
				A835E7291F20E0A200904228 /* GameViewController.swift */,
				A8AC5EB91F234CDD00802340 /* HUD.sks */,
				A835E72B1F20E0A200904228 /* Main.storyboard */,
				A835E72E1F20E0A200904228 /* Assets.xcassets */,
				A835E7301F20E0A200904228 /* LaunchScreen.storyboard */,
				A835E7331F20E0A200904228 /* Info.plist */,
				A838D3E91F237C4100F9947B /* EncounterSpaceships.sks */,
			);
			path = "Topdown Shooter";
			sourceTree = "<group>";
		};
		A835E73B1F20E0A200904228 /* Topdown ShooterTests */ = {
			isa = PBXGroup;
			children = (
				A835E73C1F20E0A200904228 /* Topdown_ShooterTests.swift */,
				A835E73E1F20E0A200904228 /* Info.plist */,
			);
			path = "Topdown ShooterTests";
			sourceTree = "<group>";
		};
		A835E7471F20E10400904228 /* Audio */ = {
			isa = PBXGroup;
			children = (
				A835E7481F20E1FB00904228 /* sfx_laser1.ogg */,
				A835E7491F20E1FB00904228 /* sfx_laser2.ogg */,
				A835E74A1F20E1FB00904228 /* sfx_lose.ogg */,
				A835E74B1F20E1FB00904228 /* sfx_shieldDown.ogg */,
				A835E74C1F20E1FB00904228 /* sfx_shieldUp.ogg */,
				A835E74D1F20E1FB00904228 /* sfx_twoTone.ogg */,
				A835E74E1F20E1FB00904228 /* sfx_zap.ogg */,
			);
			name = Audio;
			sourceTree = "<group>";
		};
		A835E7561F20E21A00904228 /* Fonts */ = {
			isa = PBXGroup;
			children = (
				A835E7251F20E0A200904228 /* Actions.sks */,
				A835E7571F20E23100904228 /* kenvector_future_thin.ttf */,
				A835E7581F20E23100904228 /* kenvector_future.ttf */,
			);
			name = Fonts;
			sourceTree = "<group>";
		};
		A838D3D71F235AAC00F9947B /* Entities */ = {
			isa = PBXGroup;
			children = (
				A838D3E71F2367E800F9947B /* EntityManager.swift */,
				A838D3D81F235AC000F9947B /* GameEntity.swift */,
				A838D3D91F235AC000F9947B /* Spaceship.swift */,
				A838D3DA1F235AC000F9947B /* Asteroid.swift */,
				A838D3DB1F235AC000F9947B /* Alien.swift */,
			);
			name = Entities;
			sourceTree = "<group>";
		};
		A838D3E61F23618C00F9947B /* Game Logic */ = {
			isa = PBXGroup;
			children = (
				A838D3E41F23617700F9947B /* GameElements.swift */,
				A838D3D51F2358C600F9947B /* EncounterManager.swift */,
				A835E7271F20E0A200904228 /* GameScene.swift */,
			);
			name = "Game Logic";
			sourceTree = "<group>";
		};
/* End PBXGroup section */

/* Begin PBXNativeTarget section */
		A835E71D1F20E0A200904228 /* Topdown Shooter */ = {
			isa = PBXNativeTarget;
			buildConfigurationList = A835E7411F20E0A200904228 /* Build configuration list for PBXNativeTarget "Topdown Shooter" */;
			buildPhases = (
				A835E71A1F20E0A200904228 /* Sources */,
				A835E71B1F20E0A200904228 /* Frameworks */,
				A835E71C1F20E0A200904228 /* Resources */,
			);
			buildRules = (
			);
			dependencies = (
			);
			name = "Topdown Shooter";
			productName = "Topdown Shooter";
			productReference = A835E71E1F20E0A200904228 /* Topdown Shooter.app */;
			productType = "com.apple.product-type.application";
		};
		A835E7371F20E0A200904228 /* Topdown ShooterTests */ = {
			isa = PBXNativeTarget;
			buildConfigurationList = A835E7441F20E0A200904228 /* Build configuration list for PBXNativeTarget "Topdown ShooterTests" */;
			buildPhases = (
				A835E7341F20E0A200904228 /* Sources */,
				A835E7351F20E0A200904228 /* Frameworks */,
				A835E7361F20E0A200904228 /* Resources */,
			);
			buildRules = (
			);
			dependencies = (
				A835E73A1F20E0A200904228 /* PBXTargetDependency */,
			);
			name = "Topdown ShooterTests";
			productName = "Topdown ShooterTests";
			productReference = A835E7381F20E0A200904228 /* Topdown ShooterTests.xctest */;
			productType = "com.apple.product-type.bundle.unit-test";
		};
/* End PBXNativeTarget section */

/* Begin PBXProject section */
		A835E7161F20E0A200904228 /* Project object */ = {
			isa = PBXProject;
			attributes = {
				LastSwiftUpdateCheck = 0820;
				LastUpgradeCheck = 0820;
				ORGANIZATIONNAME = "Jason Fry";
				TargetAttributes = {
					A835E71D1F20E0A200904228 = {
						CreatedOnToolsVersion = 8.2.1;
						ProvisioningStyle = Automatic;
					};
					A835E7371F20E0A200904228 = {
						CreatedOnToolsVersion = 8.2.1;
						ProvisioningStyle = Automatic;
						TestTargetID = A835E71D1F20E0A200904228;
					};
				};
			};
			buildConfigurationList = A835E7191F20E0A200904228 /* Build configuration list for PBXProject "Topdown Shooter" */;
			compatibilityVersion = "Xcode 3.2";
			developmentRegion = English;
			hasScannedForEncodings = 0;
			knownRegions = (
				en,
				Base,
			);
			mainGroup = A835E7151F20E0A200904228;
			productRefGroup = A835E71F1F20E0A200904228 /* Products */;
			projectDirPath = "";
			projectRoot = "";
			targets = (
				A835E71D1F20E0A200904228 /* Topdown Shooter */,
				A835E7371F20E0A200904228 /* Topdown ShooterTests */,
			);
		};
/* End PBXProject section */

/* Begin PBXResourcesBuildPhase section */
		A835E71C1F20E0A200904228 /* Resources */ = {
			isa = PBXResourcesBuildPhase;
			buildActionMask = 2147483647;
			files = (
				A835E7501F20E1FB00904228 /* sfx_laser2.ogg in Resources */,
				A835E72D1F20E0A200904228 /* Main.storyboard in Resources */,
				A835E7511F20E1FB00904228 /* sfx_lose.ogg in Resources */,
				A835E7591F20E23100904228 /* kenvector_future_thin.ttf in Resources */,
				A835E7531F20E1FB00904228 /* sfx_shieldUp.ogg in Resources */,
				A835E7241F20E0A200904228 /* GameScene.sks in Resources */,
				A835E7551F20E1FB00904228 /* sfx_zap.ogg in Resources */,
				A835E7521F20E1FB00904228 /* sfx_shieldDown.ogg in Resources */,
				A835E72F1F20E0A200904228 /* Assets.xcassets in Resources */,
				A835E74F1F20E1FB00904228 /* sfx_laser1.ogg in Resources */,
				A835E7541F20E1FB00904228 /* sfx_twoTone.ogg in Resources */,
				A835E7321F20E0A200904228 /* LaunchScreen.storyboard in Resources */,
				A838D3EA1F237C4100F9947B /* EncounterSpaceships.sks in Resources */,
				A8AC5EBA1F234CDD00802340 /* HUD.sks in Resources */,
				A835E7261F20E0A200904228 /* Actions.sks in Resources */,
				A835E75A1F20E23100904228 /* kenvector_future.ttf in Resources */,
			);
			runOnlyForDeploymentPostprocessing = 0;
		};
		A835E7361F20E0A200904228 /* Resources */ = {
			isa = PBXResourcesBuildPhase;
			buildActionMask = 2147483647;
			files = (
			);
			runOnlyForDeploymentPostprocessing = 0;
		};
/* End PBXResourcesBuildPhase section */

/* Begin PBXSourcesBuildPhase section */
		A835E71A1F20E0A200904228 /* Sources */ = {
			isa = PBXSourcesBuildPhase;
			buildActionMask = 2147483647;
			files = (
				A838D3E81F2367E800F9947B /* EntityManager.swift in Sources */,
				A838D3E51F23617800F9947B /* GameElements.swift in Sources */,
				A838D3DD1F235AC000F9947B /* Spaceship.swift in Sources */,
				A838D3E11F235AF700F9947B /* HealthBar.swift in Sources */,
				A835E7281F20E0A200904228 /* GameScene.swift in Sources */,
				A835E72A1F20E0A200904228 /* GameViewController.swift in Sources */,
				A838D3DE1F235AC000F9947B /* Asteroid.swift in Sources */,
				A835E7221F20E0A200904228 /* AppDelegate.swift in Sources */,
				A838D3D61F2358C600F9947B /* EncounterManager.swift in Sources */,
				A838D3DC1F235AC000F9947B /* GameEntity.swift in Sources */,
				A838D3DF1F235AC000F9947B /* Alien.swift in Sources */,
			);
			runOnlyForDeploymentPostprocessing = 0;
		};
		A835E7341F20E0A200904228 /* Sources */ = {
			isa = PBXSourcesBuildPhase;
			buildActionMask = 2147483647;
			files = (
				A835E73D1F20E0A200904228 /* Topdown_ShooterTests.swift in Sources */,
			);
			runOnlyForDeploymentPostprocessing = 0;
		};
/* End PBXSourcesBuildPhase section */

/* Begin PBXTargetDependency section */
		A835E73A1F20E0A200904228 /* PBXTargetDependency */ = {
			isa = PBXTargetDependency;
			target = A835E71D1F20E0A200904228 /* Topdown Shooter */;
			targetProxy = A835E7391F20E0A200904228 /* PBXContainerItemProxy */;
		};
/* End PBXTargetDependency section */

/* Begin PBXVariantGroup section */
		A835E72B1F20E0A200904228 /* Main.storyboard */ = {
			isa = PBXVariantGroup;
			children = (
				A835E72C1F20E0A200904228 /* Base */,
			);
			name = Main.storyboard;
			sourceTree = "<group>";
		};
		A835E7301F20E0A200904228 /* LaunchScreen.storyboard */ = {
			isa = PBXVariantGroup;
			children = (
				A835E7311F20E0A200904228 /* Base */,
			);
			name = LaunchScreen.storyboard;
			sourceTree = "<group>";
		};
/* End PBXVariantGroup section */

/* Begin XCBuildConfiguration section */
		A835E73F1F20E0A200904228 /* Debug */ = {
			isa = XCBuildConfiguration;
			buildSettings = {
				ALWAYS_SEARCH_USER_PATHS = NO;
				CLANG_ANALYZER_NONNULL = YES;
				CLANG_CXX_LANGUAGE_STANDARD = "gnu++0x";
				CLANG_CXX_LIBRARY = "libc++";
				CLANG_ENABLE_MODULES = YES;
				CLANG_ENABLE_OBJC_ARC = YES;
				CLANG_WARN_BOOL_CONVERSION = YES;
				CLANG_WARN_CONSTANT_CONVERSION = YES;
				CLANG_WARN_DIRECT_OBJC_ISA_USAGE = YES_ERROR;
				CLANG_WARN_DOCUMENTATION_COMMENTS = YES;
				CLANG_WARN_EMPTY_BODY = YES;
				CLANG_WARN_ENUM_CONVERSION = YES;
				CLANG_WARN_INFINITE_RECURSION = YES;
				CLANG_WARN_INT_CONVERSION = YES;
				CLANG_WARN_OBJC_ROOT_CLASS = YES_ERROR;
				CLANG_WARN_SUSPICIOUS_MOVE = YES;
				CLANG_WARN_UNREACHABLE_CODE = YES;
				CLANG_WARN__DUPLICATE_METHOD_MATCH = YES;
				"CODE_SIGN_IDENTITY[sdk=iphoneos*]" = "iPhone Developer";
				COPY_PHASE_STRIP = NO;
				DEBUG_INFORMATION_FORMAT = dwarf;
				ENABLE_STRICT_OBJC_MSGSEND = YES;
				ENABLE_TESTABILITY = YES;
				GCC_C_LANGUAGE_STANDARD = gnu99;
				GCC_DYNAMIC_NO_PIC = NO;
				GCC_NO_COMMON_BLOCKS = YES;
				GCC_OPTIMIZATION_LEVEL = 0;
				GCC_PREPROCESSOR_DEFINITIONS = (
					"DEBUG=1",
					"$(inherited)",
				);
				GCC_WARN_64_TO_32_BIT_CONVERSION = YES;
				GCC_WARN_ABOUT_RETURN_TYPE = YES_ERROR;
				GCC_WARN_UNDECLARED_SELECTOR = YES;
				GCC_WARN_UNINITIALIZED_AUTOS = YES_AGGRESSIVE;
				GCC_WARN_UNUSED_FUNCTION = YES;
				GCC_WARN_UNUSED_VARIABLE = YES;
				IPHONEOS_DEPLOYMENT_TARGET = 10.2;
				MTL_ENABLE_DEBUG_INFO = YES;
				ONLY_ACTIVE_ARCH = YES;
				SDKROOT = iphoneos;
				SWIFT_ACTIVE_COMPILATION_CONDITIONS = DEBUG;
				SWIFT_OPTIMIZATION_LEVEL = "-Onone";
				TARGETED_DEVICE_FAMILY = "1,2";
			};
			name = Debug;
		};
		A835E7401F20E0A200904228 /* Release */ = {
			isa = XCBuildConfiguration;
			buildSettings = {
				ALWAYS_SEARCH_USER_PATHS = NO;
				CLANG_ANALYZER_NONNULL = YES;
				CLANG_CXX_LANGUAGE_STANDARD = "gnu++0x";
				CLANG_CXX_LIBRARY = "libc++";
				CLANG_ENABLE_MODULES = YES;
				CLANG_ENABLE_OBJC_ARC = YES;
				CLANG_WARN_BOOL_CONVERSION = YES;
				CLANG_WARN_CONSTANT_CONVERSION = YES;
				CLANG_WARN_DIRECT_OBJC_ISA_USAGE = YES_ERROR;
				CLANG_WARN_DOCUMENTATION_COMMENTS = YES;
				CLANG_WARN_EMPTY_BODY = YES;
				CLANG_WARN_ENUM_CONVERSION = YES;
				CLANG_WARN_INFINITE_RECURSION = YES;
				CLANG_WARN_INT_CONVERSION = YES;
				CLANG_WARN_OBJC_ROOT_CLASS = YES_ERROR;
				CLANG_WARN_SUSPICIOUS_MOVE = YES;
				CLANG_WARN_UNREACHABLE_CODE = YES;
				CLANG_WARN__DUPLICATE_METHOD_MATCH = YES;
				"CODE_SIGN_IDENTITY[sdk=iphoneos*]" = "iPhone Developer";
				COPY_PHASE_STRIP = NO;
				DEBUG_INFORMATION_FORMAT = "dwarf-with-dsym";
				ENABLE_NS_ASSERTIONS = NO;
				ENABLE_STRICT_OBJC_MSGSEND = YES;
				GCC_C_LANGUAGE_STANDARD = gnu99;
				GCC_NO_COMMON_BLOCKS = YES;
				GCC_WARN_64_TO_32_BIT_CONVERSION = YES;
				GCC_WARN_ABOUT_RETURN_TYPE = YES_ERROR;
				GCC_WARN_UNDECLARED_SELECTOR = YES;
				GCC_WARN_UNINITIALIZED_AUTOS = YES_AGGRESSIVE;
				GCC_WARN_UNUSED_FUNCTION = YES;
				GCC_WARN_UNUSED_VARIABLE = YES;
				IPHONEOS_DEPLOYMENT_TARGET = 10.2;
				MTL_ENABLE_DEBUG_INFO = NO;
				SDKROOT = iphoneos;
				SWIFT_OPTIMIZATION_LEVEL = "-Owholemodule";
				TARGETED_DEVICE_FAMILY = "1,2";
				VALIDATE_PRODUCT = YES;
			};
			name = Release;
		};
		A835E7421F20E0A200904228 /* Debug */ = {
			isa = XCBuildConfiguration;
			buildSettings = {
				ASSETCATALOG_COMPILER_APPICON_NAME = AppIcon;
				INFOPLIST_FILE = "Topdown Shooter/Info.plist";
				IPHONEOS_DEPLOYMENT_TARGET = 10.2;
				LD_RUNPATH_SEARCH_PATHS = "$(inherited) @executable_path/Frameworks";
				PRODUCT_BUNDLE_IDENTIFIER = "funkytomato.Topdown-Shooter";
				PRODUCT_NAME = "$(TARGET_NAME)";
				SWIFT_VERSION = 3.0;
			};
			name = Debug;
		};
		A835E7431F20E0A200904228 /* Release */ = {
			isa = XCBuildConfiguration;
			buildSettings = {
				ASSETCATALOG_COMPILER_APPICON_NAME = AppIcon;
				INFOPLIST_FILE = "Topdown Shooter/Info.plist";
				IPHONEOS_DEPLOYMENT_TARGET = 10.2;
				LD_RUNPATH_SEARCH_PATHS = "$(inherited) @executable_path/Frameworks";
				PRODUCT_BUNDLE_IDENTIFIER = "funkytomato.Topdown-Shooter";
				PRODUCT_NAME = "$(TARGET_NAME)";
				SWIFT_VERSION = 3.0;
			};
			name = Release;
		};
		A835E7451F20E0A200904228 /* Debug */ = {
			isa = XCBuildConfiguration;
			buildSettings = {
				ALWAYS_EMBED_SWIFT_STANDARD_LIBRARIES = YES;
				BUNDLE_LOADER = "$(TEST_HOST)";
				INFOPLIST_FILE = "Topdown ShooterTests/Info.plist";
				LD_RUNPATH_SEARCH_PATHS = "$(inherited) @executable_path/Frameworks @loader_path/Frameworks";
				PRODUCT_BUNDLE_IDENTIFIER = "funkytomato.Topdown-ShooterTests";
				PRODUCT_NAME = "$(TARGET_NAME)";
				SWIFT_VERSION = 3.0;
				TEST_HOST = "$(BUILT_PRODUCTS_DIR)/Topdown Shooter.app/Topdown Shooter";
			};
			name = Debug;
		};
		A835E7461F20E0A200904228 /* Release */ = {
			isa = XCBuildConfiguration;
			buildSettings = {
				ALWAYS_EMBED_SWIFT_STANDARD_LIBRARIES = YES;
				BUNDLE_LOADER = "$(TEST_HOST)";
				INFOPLIST_FILE = "Topdown ShooterTests/Info.plist";
				LD_RUNPATH_SEARCH_PATHS = "$(inherited) @executable_path/Frameworks @loader_path/Frameworks";
				PRODUCT_BUNDLE_IDENTIFIER = "funkytomato.Topdown-ShooterTests";
				PRODUCT_NAME = "$(TARGET_NAME)";
				SWIFT_VERSION = 3.0;
				TEST_HOST = "$(BUILT_PRODUCTS_DIR)/Topdown Shooter.app/Topdown Shooter";
			};
			name = Release;
		};
/* End XCBuildConfiguration section */

/* Begin XCConfigurationList section */
		A835E7191F20E0A200904228 /* Build configuration list for PBXProject "Topdown Shooter" */ = {
			isa = XCConfigurationList;
			buildConfigurations = (
				A835E73F1F20E0A200904228 /* Debug */,
				A835E7401F20E0A200904228 /* Release */,
			);
			defaultConfigurationIsVisible = 0;
			defaultConfigurationName = Release;
		};
		A835E7411F20E0A200904228 /* Build configuration list for PBXNativeTarget "Topdown Shooter" */ = {
			isa = XCConfigurationList;
			buildConfigurations = (
				A835E7421F20E0A200904228 /* Debug */,
				A835E7431F20E0A200904228 /* Release */,
			);
			defaultConfigurationIsVisible = 0;
			defaultConfigurationName = Release;
		};
		A835E7441F20E0A200904228 /* Build configuration list for PBXNativeTarget "Topdown ShooterTests" */ = {
			isa = XCConfigurationList;
			buildConfigurations = (
				A835E7451F20E0A200904228 /* Debug */,
				A835E7461F20E0A200904228 /* Release */,
			);
			defaultConfigurationIsVisible = 0;
			defaultConfigurationName = Release;
		};
/* End XCConfigurationList section */
	};
	rootObject = A835E7161F20E0A200904228 /* Project object */;
}
